
Microsoft Visual Studio Solution File, Format Version 12.00
# Visual Studio Version 17
VisualStudioVersion = 17.7.34031.279
MinimumVisualStudioVersion = 10.0.40219.1
Project("{FAE04EC0-301F-11D3-BF4B-00C04F79EFBC}") = "zadacha_6_ShamilovaHayala", "zadacha_6_ShamilovaHayala\zadacha_6_ShamilovaHayala.csproj", "{6B27DDFB-4BE5-43D9-8CED-0DD0EC1F413D}"
EndProject
Global
	GlobalSection(SolutionConfigurationPlatforms) = preSolution
		Debug|Any CPU = Debug|Any CPU
		Release|Any CPU = Release|Any CPU
	EndGlobalSection
	GlobalSection(ProjectConfigurationPlatforms) = postSolution
		{6B27DDFB-4BE5-43D9-8CED-0DD0EC1F413D}.Debug|Any CPU.ActiveCfg = Debug|Any CPU
		{6B27DDFB-4BE5-43D9-8CED-0DD0EC1F413D}.Debug|Any CPU.Build.0 = Debug|Any CPU
		{6B27DDFB-4BE5-43D9-8CED-0DD0EC1F413D}.Release|Any CPU.ActiveCfg = Release|Any CPU
		{6B27DDFB-4BE5-43D9-8CED-0DD0EC1F413D}.Release|Any CPU.Build.0 = Release|Any CPU
	EndGlobalSection
	GlobalSection(SolutionProperties) = preSolution
		HideSolutionNode = FALSE
	EndGlobalSection
	GlobalSection(ExtensibilityGlobals) = postSolution
		SolutionGuid = {8B359C41-915A-4F15-AFD9-4B1ECA86FD07}
	EndGlobalSection
EndGlobal
